
Microsoft Visual Studio Solution File, Format Version 12.00
# Visual Studio Version 16
VisualStudioVersion = 16.0.29709.97
MinimumVisualStudioVersion = 10.0.40219.1
Project("{9A19103F-16F7-4668-BE54-9A1E7A4F7556}") = "HousePredictionMl", "HousePredictionMl.csproj", "{D17F1A9B-CD8A-49FC-8037-4ED17A2983DF}"
EndProject
Project("{9A19103F-16F7-4668-BE54-9A1E7A4F7556}") = "HousePredictionMlML.Model", "..\HousePredictionMlML.Model\HousePredictionMlML.Model.csproj", "{8D0D51CD-884D-4C0A-BE90-63AC5C69A35D}"
EndProject
Project("{9A19103F-16F7-4668-BE54-9A1E7A4F7556}") = "HousePredictionMlML.ConsoleApp", "..\HousePredictionMlML.ConsoleApp\HousePredictionMlML.ConsoleApp.csproj", "{0F762C9C-349F-46DF-B9DD-932A05A5448C}"
EndProject
Global
	GlobalSection(SolutionConfigurationPlatforms) = preSolution
		Debug|Any CPU = Debug|Any CPU
		Release|Any CPU = Release|Any CPU
	EndGlobalSection
	GlobalSection(ProjectConfigurationPlatforms) = postSolution
		{D17F1A9B-CD8A-49FC-8037-4ED17A2983DF}.Debug|Any CPU.ActiveCfg = Debug|Any CPU
		{D17F1A9B-CD8A-49FC-8037-4ED17A2983DF}.Debug|Any CPU.Build.0 = Debug|Any CPU
		{D17F1A9B-CD8A-49FC-8037-4ED17A2983DF}.Release|Any CPU.ActiveCfg = Release|Any CPU
		{D17F1A9B-CD8A-49FC-8037-4ED17A2983DF}.Release|Any CPU.Build.0 = Release|Any CPU
		{8D0D51CD-884D-4C0A-BE90-63AC5C69A35D}.Debug|Any CPU.ActiveCfg = Debug|Any CPU
		{8D0D51CD-884D-4C0A-BE90-63AC5C69A35D}.Debug|Any CPU.Build.0 = Debug|Any CPU
		{8D0D51CD-884D-4C0A-BE90-63AC5C69A35D}.Release|Any CPU.ActiveCfg = Release|Any CPU
		{8D0D51CD-884D-4C0A-BE90-63AC5C69A35D}.Release|Any CPU.Build.0 = Release|Any CPU
		{0F762C9C-349F-46DF-B9DD-932A05A5448C}.Debug|Any CPU.ActiveCfg = Debug|Any CPU
		{0F762C9C-349F-46DF-B9DD-932A05A5448C}.Debug|Any CPU.Build.0 = Debug|Any CPU
		{0F762C9C-349F-46DF-B9DD-932A05A5448C}.Release|Any CPU.ActiveCfg = Release|Any CPU
		{0F762C9C-349F-46DF-B9DD-932A05A5448C}.Release|Any CPU.Build.0 = Release|Any CPU
	EndGlobalSection
	GlobalSection(SolutionProperties) = preSolution
		HideSolutionNode = FALSE
	EndGlobalSection
	GlobalSection(ExtensibilityGlobals) = postSolution
		SolutionGuid = {E893E3E2-26C0-4FD2-A866-CB86735DD87E}
	EndGlobalSection
EndGlobal
